
Microsoft Visual Studio Solution File, Format Version 12.00
# Visual Studio Version 17
VisualStudioVersion = 17.9.34723.18
MinimumVisualStudioVersion = 10.0.40219.1
Project("{FAE04EC0-301F-11D3-BF4B-00C04F79EFBC}") = "PersonLib", "PersonLib\PersonLib.csproj", "{D3C94CD2-D949-4760-AB05-60CD63476B4A}"
EndProject
Project("{FAE04EC0-301F-11D3-BF4B-00C04F79EFBC}") = "PersonLibTests1", "PersonLibTests1\PersonLibTests1.csproj", "{2BF3933F-BDC3-431B-ABED-F4811C25D38B}"
EndProject
Global
	GlobalSection(SolutionConfigurationPlatforms) = preSolution
		Debug|Any CPU = Debug|Any CPU
		Release|Any CPU = Release|Any CPU
	EndGlobalSection
	GlobalSection(ProjectConfigurationPlatforms) = postSolution
		{D3C94CD2-D949-4760-AB05-60CD63476B4A}.Debug|Any CPU.ActiveCfg = Debug|Any CPU
		{D3C94CD2-D949-4760-AB05-60CD63476B4A}.Debug|Any CPU.Build.0 = Debug|Any CPU
		{D3C94CD2-D949-4760-AB05-60CD63476B4A}.Release|Any CPU.ActiveCfg = Release|Any CPU
		{D3C94CD2-D949-4760-AB05-60CD63476B4A}.Release|Any CPU.Build.0 = Release|Any CPU
		{2BF3933F-BDC3-431B-ABED-F4811C25D38B}.Debug|Any CPU.ActiveCfg = Debug|Any CPU
		{2BF3933F-BDC3-431B-ABED-F4811C25D38B}.Debug|Any CPU.Build.0 = Debug|Any CPU
		{2BF3933F-BDC3-431B-ABED-F4811C25D38B}.Release|Any CPU.ActiveCfg = Release|Any CPU
		{2BF3933F-BDC3-431B-ABED-F4811C25D38B}.Release|Any CPU.Build.0 = Release|Any CPU
	EndGlobalSection
	GlobalSection(SolutionProperties) = preSolution
		HideSolutionNode = FALSE
	EndGlobalSection
	GlobalSection(ExtensibilityGlobals) = postSolution
		SolutionGuid = {9B0935F9-0CD0-461A-B8A5-10F3251EE8C2}
	EndGlobalSection
EndGlobal
